
Microsoft Visual Studio Solution File, Format Version 12.00
# Visual Studio Version 16
VisualStudioVersion = 16.0.31729.503
MinimumVisualStudioVersion = 10.0.40219.1
Project("{FAE04EC0-301F-11D3-BF4B-00C04F79EFBC}") = "Booking_app.Android", "Booking_app\Booking_app.Android\Booking_app.Android.csproj", "{5E3F082A-33D4-4B9E-9FA1-C56B7B9EBE17}"
EndProject
Project("{FAE04EC0-301F-11D3-BF4B-00C04F79EFBC}") = "Booking_app.iOS", "Booking_app\Booking_app.iOS\Booking_app.iOS.csproj", "{DDE0C664-25A3-44C5-B409-AD5138B193D6}"
EndProject
Project("{FAE04EC0-301F-11D3-BF4B-00C04F79EFBC}") = "Booking_app", "Booking_app\Booking_app\Booking_app.csproj", "{47424997-B276-433A-A245-35495BF78212}"
EndProject
Global
	GlobalSection(SolutionConfigurationPlatforms) = preSolution
		Debug|Any CPU = Debug|Any CPU
		Debug|iPhone = Debug|iPhone
		Debug|iPhoneSimulator = Debug|iPhoneSimulator
		Release|Any CPU = Release|Any CPU
		Release|iPhone = Release|iPhone
		Release|iPhoneSimulator = Release|iPhoneSimulator
	EndGlobalSection
	GlobalSection(ProjectConfigurationPlatforms) = postSolution
		{5E3F082A-33D4-4B9E-9FA1-C56B7B9EBE17}.Debug|Any CPU.ActiveCfg = Debug|Any CPU
		{5E3F082A-33D4-4B9E-9FA1-C56B7B9EBE17}.Debug|Any CPU.Build.0 = Debug|Any CPU
		{5E3F082A-33D4-4B9E-9FA1-C56B7B9EBE17}.Debug|Any CPU.Deploy.0 = Debug|Any CPU
		{5E3F082A-33D4-4B9E-9FA1-C56B7B9EBE17}.Debug|iPhone.ActiveCfg = Debug|Any CPU
		{5E3F082A-33D4-4B9E-9FA1-C56B7B9EBE17}.Debug|iPhone.Build.0 = Debug|Any CPU
		{5E3F082A-33D4-4B9E-9FA1-C56B7B9EBE17}.Debug|iPhone.Deploy.0 = Debug|Any CPU
		{5E3F082A-33D4-4B9E-9FA1-C56B7B9EBE17}.Debug|iPhoneSimulator.ActiveCfg = Debug|Any CPU
		{5E3F082A-33D4-4B9E-9FA1-C56B7B9EBE17}.Debug|iPhoneSimulator.Build.0 = Debug|Any CPU
		{5E3F082A-33D4-4B9E-9FA1-C56B7B9EBE17}.Debug|iPhoneSimulator.Deploy.0 = Debug|Any CPU
		{5E3F082A-33D4-4B9E-9FA1-C56B7B9EBE17}.Release|Any CPU.ActiveCfg = Release|Any CPU
		{5E3F082A-33D4-4B9E-9FA1-C56B7B9EBE17}.Release|Any CPU.Build.0 = Release|Any CPU
		{5E3F082A-33D4-4B9E-9FA1-C56B7B9EBE17}.Release|Any CPU.Deploy.0 = Release|Any CPU
		{5E3F082A-33D4-4B9E-9FA1-C56B7B9EBE17}.Release|iPhone.ActiveCfg = Release|Any CPU
		{5E3F082A-33D4-4B9E-9FA1-C56B7B9EBE17}.Release|iPhone.Build.0 = Release|Any CPU
		{5E3F082A-33D4-4B9E-9FA1-C56B7B9EBE17}.Release|iPhone.Deploy.0 = Release|Any CPU
		{5E3F082A-33D4-4B9E-9FA1-C56B7B9EBE17}.Release|iPhoneSimulator.ActiveCfg = Release|Any CPU
		{5E3F082A-33D4-4B9E-9FA1-C56B7B9EBE17}.Release|iPhoneSimulator.Build.0 = Release|Any CPU
		{5E3F082A-33D4-4B9E-9FA1-C56B7B9EBE17}.Release|iPhoneSimulator.Deploy.0 = Release|Any CPU
		{DDE0C664-25A3-44C5-B409-AD5138B193D6}.Debug|Any CPU.ActiveCfg = Debug|iPhone
		{DDE0C664-25A3-44C5-B409-AD5138B193D6}.Debug|Any CPU.Build.0 = Debug|iPhone
		{DDE0C664-25A3-44C5-B409-AD5138B193D6}.Debug|Any CPU.Deploy.0 = Debug|iPhone
		{DDE0C664-25A3-44C5-B409-AD5138B193D6}.Debug|iPhone.ActiveCfg = Debug|iPhone
		{DDE0C664-25A3-44C5-B409-AD5138B193D6}.Debug|iPhone.Build.0 = Debug|iPhone
		{DDE0C664-25A3-44C5-B409-AD5138B193D6}.Debug|iPhone.Deploy.0 = Debug|iPhone
		{DDE0C664-25A3-44C5-B409-AD5138B193D6}.Debug|iPhoneSimulator.ActiveCfg = Debug|iPhoneSimulator
		{DDE0C664-25A3-44C5-B409-AD5138B193D6}.Debug|iPhoneSimulator.Build.0 = Debug|iPhoneSimulator
		{DDE0C664-25A3-44C5-B409-AD5138B193D6}.Debug|iPhoneSimulator.Deploy.0 = Debug|iPhoneSimulator
		{DDE0C664-25A3-44C5-B409-AD5138B193D6}.Release|Any CPU.ActiveCfg = Release|iPhoneSimulator
		{DDE0C664-25A3-44C5-B409-AD5138B193D6}.Release|Any CPU.Build.0 = Release|iPhoneSimulator
		{DDE0C664-25A3-44C5-B409-AD5138B193D6}.Release|Any CPU.Deploy.0 = Release|iPhoneSimulator
		{DDE0C664-25A3-44C5-B409-AD5138B193D6}.Release|iPhone.ActiveCfg = Release|iPhone
		{DDE0C664-25A3-44C5-B409-AD5138B193D6}.Release|iPhone.Build.0 = Release|iPhone
		{DDE0C664-25A3-44C5-B409-AD5138B193D6}.Release|iPhone.Deploy.0 = Release|iPhone
		{DDE0C664-25A3-44C5-B409-AD5138B193D6}.Release|iPhoneSimulator.ActiveCfg = Release|iPhoneSimulator
		{DDE0C664-25A3-44C5-B409-AD5138B193D6}.Release|iPhoneSimulator.Build.0 = Release|iPhoneSimulator
		{DDE0C664-25A3-44C5-B409-AD5138B193D6}.Release|iPhoneSimulator.Deploy.0 = Release|iPhoneSimulator
		{47424997-B276-433A-A245-35495BF78212}.Debug|Any CPU.ActiveCfg = Debug|Any CPU
		{47424997-B276-433A-A245-35495BF78212}.Debug|Any CPU.Build.0 = Debug|Any CPU
		{47424997-B276-433A-A245-35495BF78212}.Debug|Any CPU.Deploy.0 = Debug|Any CPU
		{47424997-B276-433A-A245-35495BF78212}.Debug|iPhone.ActiveCfg = Debug|Any CPU
		{47424997-B276-433A-A245-35495BF78212}.Debug|iPhone.Build.0 = Debug|Any CPU
		{47424997-B276-433A-A245-35495BF78212}.Debug|iPhone.Deploy.0 = Debug|Any CPU
		{47424997-B276-433A-A245-35495BF78212}.Debug|iPhoneSimulator.ActiveCfg = Debug|Any CPU
		{47424997-B276-433A-A245-35495BF78212}.Debug|iPhoneSimulator.Build.0 = Debug|Any CPU
		{47424997-B276-433A-A245-35495BF78212}.Debug|iPhoneSimulator.Deploy.0 = Debug|Any CPU
		{47424997-B276-433A-A245-35495BF78212}.Release|Any CPU.ActiveCfg = Release|Any CPU
		{47424997-B276-433A-A245-35495BF78212}.Release|Any CPU.Build.0 = Release|Any CPU
		{47424997-B276-433A-A245-35495BF78212}.Release|Any CPU.Deploy.0 = Release|Any CPU
		{47424997-B276-433A-A245-35495BF78212}.Release|iPhone.ActiveCfg = Release|Any CPU
		{47424997-B276-433A-A245-35495BF78212}.Release|iPhone.Build.0 = Release|Any CPU
		{47424997-B276-433A-A245-35495BF78212}.Release|iPhone.Deploy.0 = Release|Any CPU
		{47424997-B276-433A-A245-35495BF78212}.Release|iPhoneSimulator.ActiveCfg = Release|Any CPU
		{47424997-B276-433A-A245-35495BF78212}.Release|iPhoneSimulator.Build.0 = Release|Any CPU
		{47424997-B276-433A-A245-35495BF78212}.Release|iPhoneSimulator.Deploy.0 = Release|Any CPU
	EndGlobalSection
	GlobalSection(SolutionProperties) = preSolution
		HideSolutionNode = FALSE
	EndGlobalSection
	GlobalSection(ExtensibilityGlobals) = postSolution
		SolutionGuid = {837579EA-67E3-4674-8828-E0FC040D54E3}
	EndGlobalSection
EndGlobal
